// !$*UTF8*$!
{
	archiveVersion = 1;
	classes = {
	};
	objectVersion = 56;
	objects = {

/* Begin PBXBuildFile section */
		C7761E2D2945ED910008AA38 /* WatckitNotifications Watch App.app in Embed Watch Content */ = {isa = PBXBuildFile; fileRef = C7761E2C2945ED910008AA38 /* WatckitNotifications Watch App.app */; settings = {ATTRIBUTES = (RemoveHeadersOnCopy, ); }; };
		C7761E322945ED910008AA38 /* WatckitNotificationsApp.swift in Sources */ = {isa = PBXBuildFile; fileRef = C7761E312945ED910008AA38 /* WatckitNotificationsApp.swift */; };
		C7761E342945ED910008AA38 /* ContentView.swift in Sources */ = {isa = PBXBuildFile; fileRef = C7761E332945ED910008AA38 /* ContentView.swift */; };
		C7761E362945ED920008AA38 /* Assets.xcassets in Resources */ = {isa = PBXBuildFile; fileRef = C7761E352945ED920008AA38 /* Assets.xcassets */; };
		C7761E392945ED920008AA38 /* Preview Assets.xcassets in Resources */ = {isa = PBXBuildFile; fileRef = C7761E382945ED920008AA38 /* Preview Assets.xcassets */; };
		C7761E432945ED930008AA38 /* WatckitNotifications_Watch_AppTests.swift in Sources */ = {isa = PBXBuildFile; fileRef = C7761E422945ED930008AA38 /* WatckitNotifications_Watch_AppTests.swift */; };
		C7761E4D2945ED930008AA38 /* WatckitNotifications_Watch_AppUITests.swift in Sources */ = {isa = PBXBuildFile; fileRef = C7761E4C2945ED930008AA38 /* WatckitNotifications_Watch_AppUITests.swift */; };
		C7761E4F2945ED930008AA38 /* WatckitNotifications_Watch_AppUITestsLaunchTests.swift in Sources */ = {isa = PBXBuildFile; fileRef = C7761E4E2945ED930008AA38 /* WatckitNotifications_Watch_AppUITestsLaunchTests.swift */; };
/* End PBXBuildFile section */

/* Begin PBXContainerItemProxy section */
		C7761E2E2945ED910008AA38 /* PBXContainerItemProxy */ = {
			isa = PBXContainerItemProxy;
			containerPortal = C7761E202945ED910008AA38 /* Project object */;
			proxyType = 1;
			remoteGlobalIDString = C7761E2B2945ED910008AA38;
			remoteInfo = "WatckitNotifications Watch App";
		};
		C7761E3F2945ED930008AA38 /* PBXContainerItemProxy */ = {
			isa = PBXContainerItemProxy;
			containerPortal = C7761E202945ED910008AA38 /* Project object */;
			proxyType = 1;
			remoteGlobalIDString = C7761E2B2945ED910008AA38;
			remoteInfo = "WatckitNotifications Watch App";
		};
		C7761E492945ED930008AA38 /* PBXContainerItemProxy */ = {
			isa = PBXContainerItemProxy;
			containerPortal = C7761E202945ED910008AA38 /* Project object */;
			proxyType = 1;
			remoteGlobalIDString = C7761E2B2945ED910008AA38;
			remoteInfo = "WatckitNotifications Watch App";
		};
/* End PBXContainerItemProxy section */

/* Begin PBXCopyFilesBuildPhase section */
		C7761E552945ED930008AA38 /* Embed Watch Content */ = {
			isa = PBXCopyFilesBuildPhase;
			buildActionMask = 2147483647;
			dstPath = "$(CONTENTS_FOLDER_PATH)/Watch";
			dstSubfolderSpec = 16;
			files = (
				C7761E2D2945ED910008AA38 /* WatckitNotifications Watch App.app in Embed Watch Content */,
			);
			name = "Embed Watch Content";
			runOnlyForDeploymentPostprocessing = 0;
		};
/* End PBXCopyFilesBuildPhase section */

/* Begin PBXFileReference section */
		C7761E262945ED910008AA38 /* WatckitNotifications.app */ = {isa = PBXFileReference; explicitFileType = wrapper.application; includeInIndex = 0; path = WatckitNotifications.app; sourceTree = BUILT_PRODUCTS_DIR; };
		C7761E2C2945ED910008AA38 /* WatckitNotifications Watch App.app */ = {isa = PBXFileReference; explicitFileType = wrapper.application; includeInIndex = 0; path = "WatckitNotifications Watch App.app"; sourceTree = BUILT_PRODUCTS_DIR; };
		C7761E312945ED910008AA38 /* WatckitNotificationsApp.swift */ = {isa = PBXFileReference; lastKnownFileType = sourcecode.swift; path = WatckitNotificationsApp.swift; sourceTree = "<group>"; };
		C7761E332945ED910008AA38 /* ContentView.swift */ = {isa = PBXFileReference; lastKnownFileType = sourcecode.swift; path = ContentView.swift; sourceTree = "<group>"; };
		C7761E352945ED920008AA38 /* Assets.xcassets */ = {isa = PBXFileReference; lastKnownFileType = folder.assetcatalog; path = Assets.xcassets; sourceTree = "<group>"; };
		C7761E382945ED920008AA38 /* Preview Assets.xcassets */ = {isa = PBXFileReference; lastKnownFileType = folder.assetcatalog; path = "Preview Assets.xcassets"; sourceTree = "<group>"; };
		C7761E3E2945ED930008AA38 /* WatckitNotifications Watch AppTests.xctest */ = {isa = PBXFileReference; explicitFileType = wrapper.cfbundle; includeInIndex = 0; path = "WatckitNotifications Watch AppTests.xctest"; sourceTree = BUILT_PRODUCTS_DIR; };
		C7761E422945ED930008AA38 /* WatckitNotifications_Watch_AppTests.swift */ = {isa = PBXFileReference; lastKnownFileType = sourcecode.swift; path = WatckitNotifications_Watch_AppTests.swift; sourceTree = "<group>"; };
		C7761E482945ED930008AA38 /* WatckitNotifications Watch AppUITests.xctest */ = {isa = PBXFileReference; explicitFileType = wrapper.cfbundle; includeInIndex = 0; path = "WatckitNotifications Watch AppUITests.xctest"; sourceTree = BUILT_PRODUCTS_DIR; };
		C7761E4C2945ED930008AA38 /* WatckitNotifications_Watch_AppUITests.swift */ = {isa = PBXFileReference; lastKnownFileType = sourcecode.swift; path = WatckitNotifications_Watch_AppUITests.swift; sourceTree = "<group>"; };
		C7761E4E2945ED930008AA38 /* WatckitNotifications_Watch_AppUITestsLaunchTests.swift */ = {isa = PBXFileReference; lastKnownFileType = sourcecode.swift; path = WatckitNotifications_Watch_AppUITestsLaunchTests.swift; sourceTree = "<group>"; };
/* End PBXFileReference section */

/* Begin PBXFrameworksBuildPhase section */
		C7761E292945ED910008AA38 /* Frameworks */ = {
			isa = PBXFrameworksBuildPhase;
			buildActionMask = 2147483647;
			files = (
			);
			runOnlyForDeploymentPostprocessing = 0;
		};
		C7761E3B2945ED930008AA38 /* Frameworks */ = {
			isa = PBXFrameworksBuildPhase;
			buildActionMask = 2147483647;
			files = (
			);
			runOnlyForDeploymentPostprocessing = 0;
		};
		C7761E452945ED930008AA38 /* Frameworks */ = {
			isa = PBXFrameworksBuildPhase;
			buildActionMask = 2147483647;
			files = (
			);
			runOnlyForDeploymentPostprocessing = 0;
		};
/* End PBXFrameworksBuildPhase section */

/* Begin PBXGroup section */
		C7761E1F2945ED910008AA38 = {
			isa = PBXGroup;
			children = (
				C7761E302945ED910008AA38 /* WatckitNotifications Watch App */,
				C7761E412945ED930008AA38 /* WatckitNotifications Watch AppTests */,
				C7761E4B2945ED930008AA38 /* WatckitNotifications Watch AppUITests */,
				C7761E272945ED910008AA38 /* Products */,
			);
			sourceTree = "<group>";
		};
		C7761E272945ED910008AA38 /* Products */ = {
			isa = PBXGroup;
			children = (
				C7761E262945ED910008AA38 /* WatckitNotifications.app */,
				C7761E2C2945ED910008AA38 /* WatckitNotifications Watch App.app */,
				C7761E3E2945ED930008AA38 /* WatckitNotifications Watch AppTests.xctest */,
				C7761E482945ED930008AA38 /* WatckitNotifications Watch AppUITests.xctest */,
			);
			name = Products;
			sourceTree = "<group>";
		};
		C7761E302945ED910008AA38 /* WatckitNotifications Watch App */ = {
			isa = PBXGroup;
			children = (
				C7761E312945ED910008AA38 /* WatckitNotificationsApp.swift */,
				C7761E332945ED910008AA38 /* ContentView.swift */,
				C7761E352945ED920008AA38 /* Assets.xcassets */,
				C7761E372945ED920008AA38 /* Preview Content */,
			);
			path = "WatckitNotifications Watch App";
			sourceTree = "<group>";
		};
		C7761E372945ED920008AA38 /* Preview Content */ = {
			isa = PBXGroup;
			children = (
				C7761E382945ED920008AA38 /* Preview Assets.xcassets */,
			);
			path = "Preview Content";
			sourceTree = "<group>";
		};
		C7761E412945ED930008AA38 /* WatckitNotifications Watch AppTests */ = {
			isa = PBXGroup;
			children = (
				C7761E422945ED930008AA38 /* WatckitNotifications_Watch_AppTests.swift */,
			);
			path = "WatckitNotifications Watch AppTests";
			sourceTree = "<group>";
		};
		C7761E4B2945ED930008AA38 /* WatckitNotifications Watch AppUITests */ = {
			isa = PBXGroup;
			children = (
				C7761E4C2945ED930008AA38 /* WatckitNotifications_Watch_AppUITests.swift */,
				C7761E4E2945ED930008AA38 /* WatckitNotifications_Watch_AppUITestsLaunchTests.swift */,
			);
			path = "WatckitNotifications Watch AppUITests";
			sourceTree = "<group>";
		};
/* End PBXGroup section */

/* Begin PBXNativeTarget section */
		C7761E252945ED910008AA38 /* WatckitNotifications */ = {
			isa = PBXNativeTarget;
			buildConfigurationList = C7761E562945ED930008AA38 /* Build configuration list for PBXNativeTarget "WatckitNotifications" */;
			buildPhases = (
				C7761E242945ED910008AA38 /* Resources */,
				C7761E552945ED930008AA38 /* Embed Watch Content */,
			);
			buildRules = (
			);
			dependencies = (
				C7761E2F2945ED910008AA38 /* PBXTargetDependency */,
			);
			name = WatckitNotifications;
			productName = WatckitNotifications;
			productReference = C7761E262945ED910008AA38 /* WatckitNotifications.app */;
			productType = "com.apple.product-type.application.watchapp2-container";
		};
		C7761E2B2945ED910008AA38 /* WatckitNotifications Watch App */ = {
			isa = PBXNativeTarget;
			buildConfigurationList = C7761E522945ED930008AA38 /* Build configuration list for PBXNativeTarget "WatckitNotifications Watch App" */;
			buildPhases = (
				C7761E282945ED910008AA38 /* Sources */,
				C7761E292945ED910008AA38 /* Frameworks */,
				C7761E2A2945ED910008AA38 /* Resources */,
			);
			buildRules = (
			);
			dependencies = (
			);
			name = "WatckitNotifications Watch App";
			productName = "WatckitNotifications Watch App";
			productReference = C7761E2C2945ED910008AA38 /* WatckitNotifications Watch App.app */;
			productType = "com.apple.product-type.application";
		};
		C7761E3D2945ED930008AA38 /* WatckitNotifications Watch AppTests */ = {
			isa = PBXNativeTarget;
			buildConfigurationList = C7761E592945ED930008AA38 /* Build configuration list for PBXNativeTarget "WatckitNotifications Watch AppTests" */;
			buildPhases = (
				C7761E3A2945ED930008AA38 /* Sources */,
				C7761E3B2945ED930008AA38 /* Frameworks */,
				C7761E3C2945ED930008AA38 /* Resources */,
			);
			buildRules = (
			);
			dependencies = (
				C7761E402945ED930008AA38 /* PBXTargetDependency */,
			);
			name = "WatckitNotifications Watch AppTests";
			productName = "WatckitNotifications Watch AppTests";
			productReference = C7761E3E2945ED930008AA38 /* WatckitNotifications Watch AppTests.xctest */;
			productType = "com.apple.product-type.bundle.unit-test";
		};
		C7761E472945ED930008AA38 /* WatckitNotifications Watch AppUITests */ = {
			isa = PBXNativeTarget;
			buildConfigurationList = C7761E5C2945ED930008AA38 /* Build configuration list for PBXNativeTarget "WatckitNotifications Watch AppUITests" */;
			buildPhases = (
				C7761E442945ED930008AA38 /* Sources */,
				C7761E452945ED930008AA38 /* Frameworks */,
				C7761E462945ED930008AA38 /* Resources */,
			);
			buildRules = (
			);
			dependencies = (
				C7761E4A2945ED930008AA38 /* PBXTargetDependency */,
			);
			name = "WatckitNotifications Watch AppUITests";
			productName = "WatckitNotifications Watch AppUITests";
			productReference = C7761E482945ED930008AA38 /* WatckitNotifications Watch AppUITests.xctest */;
			productType = "com.apple.product-type.bundle.ui-testing";
		};
/* End PBXNativeTarget section */

/* Begin PBXProject section */
		C7761E202945ED910008AA38 /* Project object */ = {
			isa = PBXProject;
			attributes = {
				BuildIndependentTargetsInParallel = 1;
				LastSwiftUpdateCheck = 1410;
				LastUpgradeCheck = 1410;
				TargetAttributes = {
					C7761E252945ED910008AA38 = {
						CreatedOnToolsVersion = 14.1;
					};
					C7761E2B2945ED910008AA38 = {
						CreatedOnToolsVersion = 14.1;
					};
					C7761E3D2945ED930008AA38 = {
						CreatedOnToolsVersion = 14.1;
						TestTargetID = C7761E2B2945ED910008AA38;
					};
					C7761E472945ED930008AA38 = {
						CreatedOnToolsVersion = 14.1;
						TestTargetID = C7761E2B2945ED910008AA38;
					};
				};
			};
			buildConfigurationList = C7761E232945ED910008AA38 /* Build configuration list for PBXProject "WatckitNotifications" */;
			compatibilityVersion = "Xcode 14.0";
			developmentRegion = en;
			hasScannedForEncodings = 0;
			knownRegions = (
				en,
				Base,
			);
			mainGroup = C7761E1F2945ED910008AA38;
			productRefGroup = C7761E272945ED910008AA38 /* Products */;
			projectDirPath = "";
			projectRoot = "";
			targets = (
				C7761E252945ED910008AA38 /* WatckitNotifications */,
				C7761E2B2945ED910008AA38 /* WatckitNotifications Watch App */,
				C7761E3D2945ED930008AA38 /* WatckitNotifications Watch AppTests */,
				C7761E472945ED930008AA38 /* WatckitNotifications Watch AppUITests */,
			);
		};
/* End PBXProject section */

/* Begin PBXResourcesBuildPhase section */
		C7761E242945ED910008AA38 /* Resources */ = {
			isa = PBXResourcesBuildPhase;
			buildActionMask = 2147483647;
			files = (
			);
			runOnlyForDeploymentPostprocessing = 0;
		};
		C7761E2A2945ED910008AA38 /* Resources */ = {
			isa = PBXResourcesBuildPhase;
			buildActionMask = 2147483647;
			files = (
				C7761E392945ED920008AA38 /* Preview Assets.xcassets in Resources */,
				C7761E362945ED920008AA38 /* Assets.xcassets in Resources */,
			);
			runOnlyForDeploymentPostprocessing = 0;
		};
		C7761E3C2945ED930008AA38 /* Resources */ = {
			isa = PBXResourcesBuildPhase;
			buildActionMask = 2147483647;
			files = (
			);
			runOnlyForDeploymentPostprocessing = 0;
		};
		C7761E462945ED930008AA38 /* Resources */ = {
			isa = PBXResourcesBuildPhase;
			buildActionMask = 2147483647;
			files = (
			);
			runOnlyForDeploymentPostprocessing = 0;
		};
/* End PBXResourcesBuildPhase section */

/* Begin PBXSourcesBuildPhase section */
		C7761E282945ED910008AA38 /* Sources */ = {
			isa = PBXSourcesBuildPhase;
			buildActionMask = 2147483647;
			files = (
				C7761E342945ED910008AA38 /* ContentView.swift in Sources */,
				C7761E322945ED910008AA38 /* WatckitNotificationsApp.swift in Sources */,
			);
			runOnlyForDeploymentPostprocessing = 0;
		};
		C7761E3A2945ED930008AA38 /* Sources */ = {
			isa = PBXSourcesBuildPhase;
			buildActionMask = 2147483647;
			files = (
				C7761E432945ED930008AA38 /* WatckitNotifications_Watch_AppTests.swift in Sources */,
			);
			runOnlyForDeploymentPostprocessing = 0;
		};
		C7761E442945ED930008AA38 /* Sources */ = {
			isa = PBXSourcesBuildPhase;
			buildActionMask = 2147483647;
			files = (
				C7761E4D2945ED930008AA38 /* WatckitNotifications_Watch_AppUITests.swift in Sources */,
				C7761E4F2945ED930008AA38 /* WatckitNotifications_Watch_AppUITestsLaunchTests.swift in Sources */,
			);
			runOnlyForDeploymentPostprocessing = 0;
		};
/* End PBXSourcesBuildPhase section */

/* Begin PBXTargetDependency section */
		C7761E2F2945ED910008AA38 /* PBXTargetDependency */ = {
			isa = PBXTargetDependency;
			target = C7761E2B2945ED910008AA38 /* WatckitNotifications Watch App */;
			targetProxy = C7761E2E2945ED910008AA38 /* PBXContainerItemProxy */;
		};
		C7761E402945ED930008AA38 /* PBXTargetDependency */ = {
			isa = PBXTargetDependency;
			target = C7761E2B2945ED910008AA38 /* WatckitNotifications Watch App */;
			targetProxy = C7761E3F2945ED930008AA38 /* PBXContainerItemProxy */;
		};
		C7761E4A2945ED930008AA38 /* PBXTargetDependency */ = {
			isa = PBXTargetDependency;
			target = C7761E2B2945ED910008AA38 /* WatckitNotifications Watch App */;
			targetProxy = C7761E492945ED930008AA38 /* PBXContainerItemProxy */;
		};
/* End PBXTargetDependency section */

/* Begin XCBuildConfiguration section */
		C7761E502945ED930008AA38 /* Debug */ = {
			isa = XCBuildConfiguration;
			buildSettings = {
				ALWAYS_SEARCH_USER_PATHS = NO;
				CLANG_ANALYZER_NONNULL = YES;
				CLANG_ANALYZER_NUMBER_OBJECT_CONVERSION = YES_AGGRESSIVE;
				CLANG_CXX_LANGUAGE_STANDARD = "gnu++20";
				CLANG_ENABLE_MODULES = YES;
				CLANG_ENABLE_OBJC_ARC = YES;
				CLANG_ENABLE_OBJC_WEAK = YES;
				CLANG_WARN_BLOCK_CAPTURE_AUTORELEASING = YES;
				CLANG_WARN_BOOL_CONVERSION = YES;
				CLANG_WARN_COMMA = YES;
				CLANG_WARN_CONSTANT_CONVERSION = YES;
				CLANG_WARN_DEPRECATED_OBJC_IMPLEMENTATIONS = YES;
				CLANG_WARN_DIRECT_OBJC_ISA_USAGE = YES_ERROR;
				CLANG_WARN_DOCUMENTATION_COMMENTS = YES;
				CLANG_WARN_EMPTY_BODY = YES;
				CLANG_WARN_ENUM_CONVERSION = YES;
				CLANG_WARN_INFINITE_RECURSION = YES;
				CLANG_WARN_INT_CONVERSION = YES;
				CLANG_WARN_NON_LITERAL_NULL_CONVERSION = YES;
				CLANG_WARN_OBJC_IMPLICIT_RETAIN_SELF = YES;
				CLANG_WARN_OBJC_LITERAL_CONVERSION = YES;
				CLANG_WARN_OBJC_ROOT_CLASS = YES_ERROR;
				CLANG_WARN_QUOTED_INCLUDE_IN_FRAMEWORK_HEADER = YES;
				CLANG_WARN_RANGE_LOOP_ANALYSIS = YES;
				CLANG_WARN_STRICT_PROTOTYPES = YES;
				CLANG_WARN_SUSPICIOUS_MOVE = YES;
				CLANG_WARN_UNGUARDED_AVAILABILITY = YES_AGGRESSIVE;
				CLANG_WARN_UNREACHABLE_CODE = YES;
				CLANG_WARN__DUPLICATE_METHOD_MATCH = YES;
				COPY_PHASE_STRIP = NO;
				DEBUG_INFORMATION_FORMAT = dwarf;
				ENABLE_STRICT_OBJC_MSGSEND = YES;
				ENABLE_TESTABILITY = YES;
				GCC_C_LANGUAGE_STANDARD = gnu11;
				GCC_DYNAMIC_NO_PIC = NO;
				GCC_NO_COMMON_BLOCKS = YES;
				GCC_OPTIMIZATION_LEVEL = 0;
				GCC_PREPROCESSOR_DEFINITIONS = (
					"DEBUG=1",
					"$(inherited)",
				);
				GCC_WARN_64_TO_32_BIT_CONVERSION = YES;
				GCC_WARN_ABOUT_RETURN_TYPE = YES_ERROR;
				GCC_WARN_UNDECLARED_SELECTOR = YES;
				GCC_WARN_UNINITIALIZED_AUTOS = YES_AGGRESSIVE;
				GCC_WARN_UNUSED_FUNCTION = YES;
				GCC_WARN_UNUSED_VARIABLE = YES;
				MTL_ENABLE_DEBUG_INFO = INCLUDE_SOURCE;
				MTL_FAST_MATH = YES;
				ONLY_ACTIVE_ARCH = YES;
				SWIFT_ACTIVE_COMPILATION_CONDITIONS = DEBUG;
				SWIFT_OPTIMIZATION_LEVEL = "-Onone";
			};
			name = Debug;
		};
		C7761E512945ED930008AA38 /* Release */ = {
			isa = XCBuildConfiguration;
			buildSettings = {
				ALWAYS_SEARCH_USER_PATHS = NO;
				CLANG_ANALYZER_NONNULL = YES;
				CLANG_ANALYZER_NUMBER_OBJECT_CONVERSION = YES_AGGRESSIVE;
				CLANG_CXX_LANGUAGE_STANDARD = "gnu++20";
				CLANG_ENABLE_MODULES = YES;
				CLANG_ENABLE_OBJC_ARC = YES;
				CLANG_ENABLE_OBJC_WEAK = YES;
				CLANG_WARN_BLOCK_CAPTURE_AUTORELEASING = YES;
				CLANG_WARN_BOOL_CONVERSION = YES;
				CLANG_WARN_COMMA = YES;
				CLANG_WARN_CONSTANT_CONVERSION = YES;
				CLANG_WARN_DEPRECATED_OBJC_IMPLEMENTATIONS = YES;
				CLANG_WARN_DIRECT_OBJC_ISA_USAGE = YES_ERROR;
				CLANG_WARN_DOCUMENTATION_COMMENTS = YES;
				CLANG_WARN_EMPTY_BODY = YES;
				CLANG_WARN_ENUM_CONVERSION = YES;
				CLANG_WARN_INFINITE_RECURSION = YES;
				CLANG_WARN_INT_CONVERSION = YES;
				CLANG_WARN_NON_LITERAL_NULL_CONVERSION = YES;
				CLANG_WARN_OBJC_IMPLICIT_RETAIN_SELF = YES;
				CLANG_WARN_OBJC_LITERAL_CONVERSION = YES;
				CLANG_WARN_OBJC_ROOT_CLASS = YES_ERROR;
				CLANG_WARN_QUOTED_INCLUDE_IN_FRAMEWORK_HEADER = YES;
				CLANG_WARN_RANGE_LOOP_ANALYSIS = YES;
				CLANG_WARN_STRICT_PROTOTYPES = YES;
				CLANG_WARN_SUSPICIOUS_MOVE = YES;
				CLANG_WARN_UNGUARDED_AVAILABILITY = YES_AGGRESSIVE;
				CLANG_WARN_UNREACHABLE_CODE = YES;
				CLANG_WARN__DUPLICATE_METHOD_MATCH = YES;
				COPY_PHASE_STRIP = NO;
				DEBUG_INFORMATION_FORMAT = "dwarf-with-dsym";
				ENABLE_NS_ASSERTIONS = NO;
				ENABLE_STRICT_OBJC_MSGSEND = YES;
				GCC_C_LANGUAGE_STANDARD = gnu11;
				GCC_NO_COMMON_BLOCKS = YES;
				GCC_WARN_64_TO_32_BIT_CONVERSION = YES;
				GCC_WARN_ABOUT_RETURN_TYPE = YES_ERROR;
				GCC_WARN_UNDECLARED_SELECTOR = YES;
				GCC_WARN_UNINITIALIZED_AUTOS = YES_AGGRESSIVE;
				GCC_WARN_UNUSED_FUNCTION = YES;
				GCC_WARN_UNUSED_VARIABLE = YES;
				MTL_ENABLE_DEBUG_INFO = NO;
				MTL_FAST_MATH = YES;
				SWIFT_COMPILATION_MODE = wholemodule;
				SWIFT_OPTIMIZATION_LEVEL = "-O";
			};
			name = Release;
		};
		C7761E532945ED930008AA38 /* Debug */ = {
			isa = XCBuildConfiguration;
			buildSettings = {
				ASSETCATALOG_COMPILER_APPICON_NAME = AppIcon;
				ASSETCATALOG_COMPILER_GLOBAL_ACCENT_COLOR_NAME = AccentColor;
				CODE_SIGN_STYLE = Automatic;
				CURRENT_PROJECT_VERSION = 1;
				DEVELOPMENT_ASSET_PATHS = "\"WatckitNotifications Watch App/Preview Content\"";
				DEVELOPMENT_TEAM = THA9UN6XQ2;
				ENABLE_PREVIEWS = YES;
				GENERATE_INFOPLIST_FILE = YES;
				INFOPLIST_KEY_CFBundleDisplayName = WatckitNotifications;
				INFOPLIST_KEY_UISupportedInterfaceOrientations = "UIInterfaceOrientationPortrait UIInterfaceOrientationPortraitUpsideDown";
				INFOPLIST_KEY_WKWatchOnly = YES;
				LD_RUNPATH_SEARCH_PATHS = (
					"$(inherited)",
					"@executable_path/Frameworks",
				);
				MARKETING_VERSION = 1.0;
				PRODUCT_BUNDLE_IDENTIFIER = deneme.WatckitNotifications.watchkitapp;
				PRODUCT_NAME = "$(TARGET_NAME)";
				SDKROOT = watchos;
				SKIP_INSTALL = YES;
				SWIFT_EMIT_LOC_STRINGS = YES;
				SWIFT_VERSION = 5.0;
				TARGETED_DEVICE_FAMILY = 4;
				WATCHOS_DEPLOYMENT_TARGET = 9.1;
			};
			name = Debug;
		};
		C7761E542945ED930008AA38 /* Release */ = {
			isa = XCBuildConfiguration;
			buildSettings = {
				ASSETCATALOG_COMPILER_APPICON_NAME = AppIcon;
				ASSETCATALOG_COMPILER_GLOBAL_ACCENT_COLOR_NAME = AccentColor;
				CODE_SIGN_STYLE = Automatic;
				CURRENT_PROJECT_VERSION = 1;
				DEVELOPMENT_ASSET_PATHS = "\"WatckitNotifications Watch App/Preview Content\"";
				DEVELOPMENT_TEAM = THA9UN6XQ2;
				ENABLE_PREVIEWS = YES;
				GENERATE_INFOPLIST_FILE = YES;
				INFOPLIST_KEY_CFBundleDisplayName = WatckitNotifications;
				INFOPLIST_KEY_UISupportedInterfaceOrientations = "UIInterfaceOrientationPortrait UIInterfaceOrientationPortraitUpsideDown";
				INFOPLIST_KEY_WKWatchOnly = YES;
				LD_RUNPATH_SEARCH_PATHS = (
					"$(inherited)",
					"@executable_path/Frameworks",
				);
				MARKETING_VERSION = 1.0;
				PRODUCT_BUNDLE_IDENTIFIER = deneme.WatckitNotifications.watchkitapp;
				PRODUCT_NAME = "$(TARGET_NAME)";
				SDKROOT = watchos;
				SKIP_INSTALL = YES;
				SWIFT_EMIT_LOC_STRINGS = YES;
				SWIFT_VERSION = 5.0;
				TARGETED_DEVICE_FAMILY = 4;
				VALIDATE_PRODUCT = YES;
				WATCHOS_DEPLOYMENT_TARGET = 9.1;
			};
			name = Release;
		};
		C7761E572945ED930008AA38 /* Debug */ = {
			isa = XCBuildConfiguration;
			buildSettings = {
				ALWAYS_EMBED_SWIFT_STANDARD_LIBRARIES = YES;
				CODE_SIGN_STYLE = Automatic;
				CURRENT_PROJECT_VERSION = 1;
				DEVELOPMENT_TEAM = THA9UN6XQ2;
				INFOPLIST_KEY_CFBundleDisplayName = WatckitNotifications;
				MARKETING_VERSION = 1.0;
				PRODUCT_BUNDLE_IDENTIFIER = deneme.WatckitNotifications;
				PRODUCT_NAME = "$(TARGET_NAME)";
				SDKROOT = iphoneos;
				SWIFT_VERSION = 5.0;
			};
			name = Debug;
		};
		C7761E582945ED930008AA38 /* Release */ = {
			isa = XCBuildConfiguration;
			buildSettings = {
				ALWAYS_EMBED_SWIFT_STANDARD_LIBRARIES = YES;
				CODE_SIGN_STYLE = Automatic;
				CURRENT_PROJECT_VERSION = 1;
				DEVELOPMENT_TEAM = THA9UN6XQ2;
				INFOPLIST_KEY_CFBundleDisplayName = WatckitNotifications;
				MARKETING_VERSION = 1.0;
				PRODUCT_BUNDLE_IDENTIFIER = deneme.WatckitNotifications;
				PRODUCT_NAME = "$(TARGET_NAME)";
				SDKROOT = iphoneos;
				SWIFT_VERSION = 5.0;
				VALIDATE_PRODUCT = YES;
			};
			name = Release;
		};
		C7761E5A2945ED930008AA38 /* Debug */ = {
			isa = XCBuildConfiguration;
			buildSettings = {
				ALWAYS_EMBED_SWIFT_STANDARD_LIBRARIES = YES;
				BUNDLE_LOADER = "$(TEST_HOST)";
				CODE_SIGN_STYLE = Automatic;
				CURRENT_PROJECT_VERSION = 1;
				DEVELOPMENT_TEAM = THA9UN6XQ2;
				GENERATE_INFOPLIST_FILE = YES;
				MARKETING_VERSION = 1.0;
				PRODUCT_BUNDLE_IDENTIFIER = "deneme.WatckitNotifications-Watch-AppTests";
				PRODUCT_NAME = "$(TARGET_NAME)";
				SDKROOT = watchos;
				SWIFT_EMIT_LOC_STRINGS = NO;
				SWIFT_VERSION = 5.0;
				TARGETED_DEVICE_FAMILY = 4;
				TEST_HOST = "$(BUILT_PRODUCTS_DIR)/WatckitNotifications Watch App.app/$(BUNDLE_EXECUTABLE_FOLDER_PATH)/WatckitNotifications Watch App";
				WATCHOS_DEPLOYMENT_TARGET = 9.1;
			};
			name = Debug;
		};
		C7761E5B2945ED930008AA38 /* Release */ = {
			isa = XCBuildConfiguration;
			buildSettings = {
				ALWAYS_EMBED_SWIFT_STANDARD_LIBRARIES = YES;
				BUNDLE_LOADER = "$(TEST_HOST)";
				CODE_SIGN_STYLE = Automatic;
				CURRENT_PROJECT_VERSION = 1;
				DEVELOPMENT_TEAM = THA9UN6XQ2;
				GENERATE_INFOPLIST_FILE = YES;
				MARKETING_VERSION = 1.0;
				PRODUCT_BUNDLE_IDENTIFIER = "deneme.WatckitNotifications-Watch-AppTests";
				PRODUCT_NAME = "$(TARGET_NAME)";
				SDKROOT = watchos;
				SWIFT_EMIT_LOC_STRINGS = NO;
				SWIFT_VERSION = 5.0;
				TARGETED_DEVICE_FAMILY = 4;
				TEST_HOST = "$(BUILT_PRODUCTS_DIR)/WatckitNotifications Watch App.app/$(BUNDLE_EXECUTABLE_FOLDER_PATH)/WatckitNotifications Watch App";
				VALIDATE_PRODUCT = YES;
				WATCHOS_DEPLOYMENT_TARGET = 9.1;
			};
			name = Release;
		};
		C7761E5D2945ED930008AA38 /* Debug */ = {
			isa = XCBuildConfiguration;
			buildSettings = {
				ALWAYS_EMBED_SWIFT_STANDARD_LIBRARIES = YES;
				CODE_SIGN_STYLE = Automatic;
				CURRENT_PROJECT_VERSION = 1;
				DEVELOPMENT_TEAM = THA9UN6XQ2;
				GENERATE_INFOPLIST_FILE = YES;
				MARKETING_VERSION = 1.0;
				PRODUCT_BUNDLE_IDENTIFIER = "deneme.WatckitNotifications-Watch-AppUITests";
				PRODUCT_NAME = "$(TARGET_NAME)";
				SDKROOT = watchos;
				SWIFT_EMIT_LOC_STRINGS = NO;
				SWIFT_VERSION = 5.0;
				TARGETED_DEVICE_FAMILY = 4;
				TEST_TARGET_NAME = "WatckitNotifications Watch App";
				WATCHOS_DEPLOYMENT_TARGET = 9.1;
			};
			name = Debug;
		};
		C7761E5E2945ED930008AA38 /* Release */ = {
			isa = XCBuildConfiguration;
			buildSettings = {
				ALWAYS_EMBED_SWIFT_STANDARD_LIBRARIES = YES;
				CODE_SIGN_STYLE = Automatic;
				CURRENT_PROJECT_VERSION = 1;
				DEVELOPMENT_TEAM = THA9UN6XQ2;
				GENERATE_INFOPLIST_FILE = YES;
				MARKETING_VERSION = 1.0;
				PRODUCT_BUNDLE_IDENTIFIER = "deneme.WatckitNotifications-Watch-AppUITests";
				PRODUCT_NAME = "$(TARGET_NAME)";
				SDKROOT = watchos;
				SWIFT_EMIT_LOC_STRINGS = NO;
				SWIFT_VERSION = 5.0;
				TARGETED_DEVICE_FAMILY = 4;
				TEST_TARGET_NAME = "WatckitNotifications Watch App";
				VALIDATE_PRODUCT = YES;
				WATCHOS_DEPLOYMENT_TARGET = 9.1;
			};
			name = Release;
		};
/* End XCBuildConfiguration section */

/* Begin XCConfigurationList section */
		C7761E232945ED910008AA38 /* Build configuration list for PBXProject "WatckitNotifications" */ = {
			isa = XCConfigurationList;
			buildConfigurations = (
				C7761E502945ED930008AA38 /* Debug */,
				C7761E512945ED930008AA38 /* Release */,
			);
			defaultConfigurationIsVisible = 0;
			defaultConfigurationName = Release;
		};
		C7761E522945ED930008AA38 /* Build configuration list for PBXNativeTarget "WatckitNotifications Watch App" */ = {
			isa = XCConfigurationList;
			buildConfigurations = (
				C7761E532945ED930008AA38 /* Debug */,
				C7761E542945ED930008AA38 /* Release */,
			);
			defaultConfigurationIsVisible = 0;
			defaultConfigurationName = Release;
		};
		C7761E562945ED930008AA38 /* Build configuration list for PBXNativeTarget "WatckitNotifications" */ = {
			isa = XCConfigurationList;
			buildConfigurations = (
				C7761E572945ED930008AA38 /* Debug */,
				C7761E582945ED930008AA38 /* Release */,
			);
			defaultConfigurationIsVisible = 0;
			defaultConfigurationName = Release;
		};
		C7761E592945ED930008AA38 /* Build configuration list for PBXNativeTarget "WatckitNotifications Watch AppTests" */ = {
			isa = XCConfigurationList;
			buildConfigurations = (
				C7761E5A2945ED930008AA38 /* Debug */,
				C7761E5B2945ED930008AA38 /* Release */,
			);
			defaultConfigurationIsVisible = 0;
			defaultConfigurationName = Release;
		};
		C7761E5C2945ED930008AA38 /* Build configuration list for PBXNativeTarget "WatckitNotifications Watch AppUITests" */ = {
			isa = XCConfigurationList;
			buildConfigurations = (
				C7761E5D2945ED930008AA38 /* Debug */,
				C7761E5E2945ED930008AA38 /* Release */,
			);
			defaultConfigurationIsVisible = 0;
			defaultConfigurationName = Release;
		};
/* End XCConfigurationList section */
	};
	rootObject = C7761E202945ED910008AA38 /* Project object */;
}
